
Microsoft Visual Studio Solution File, Format Version 12.00
# Visual Studio Version 17
VisualStudioVersion = 17.1.32210.238
MinimumVisualStudioVersion = 10.0.40219.1
Project("{FAE04EC0-301F-11D3-BF4B-00C04F79EFBC}") = "UserLogin", "UserLogin\UserLogin.csproj", "{7B70D119-27CD-4DAC-9B7A-9CE9CA13BCB6}"
EndProject
Project("{FAE04EC0-301F-11D3-BF4B-00C04F79EFBC}") = "StudentInfoSystem", "StudentInfoSystem\StudentInfoSystem.csproj", "{08F5C4F5-C13C-4007-B8C0-F03F53B27D9C}"
EndProject
Project("{FAE04EC0-301F-11D3-BF4B-00C04F79EFBC}") = "WPFhello", "WPFhello\WPFhello.csproj", "{6501F7FA-72B5-47EB-9D36-B8044EB7DFF4}"
EndProject
Project("{FAE04EC0-301F-11D3-BF4B-00C04F79EFBC}") = "ExpenseIt", "ExpenseIt\ExpenseIt.csproj", "{B0664285-F791-4115-B6F1-296190E0B67F}"
EndProject
Project("{FAE04EC0-301F-11D3-BF4B-00C04F79EFBC}") = "WpfExample", "WpfExample\WpfExample.csproj", "{3F2781BE-AB04-49B2-953E-41D87765C9F1}"
EndProject
Project("{FAE04EC0-301F-11D3-BF4B-00C04F79EFBC}") = "EasyMVVM", "EasyMVVM\EasyMVVM.csproj", "{EAAD4822-E2F5-40C5-884A-DE0171F7248C}"
EndProject
Project("{FAE04EC0-301F-11D3-BF4B-00C04F79EFBC}") = "MinimalMVVM", "MinimalMVVM\MinimalMVVM.csproj", "{A71E07A6-F620-46E1-8C30-D6AE9552136A}"
EndProject
Global
	GlobalSection(SolutionConfigurationPlatforms) = preSolution
		Debug|Any CPU = Debug|Any CPU
		Release|Any CPU = Release|Any CPU
	EndGlobalSection
	GlobalSection(ProjectConfigurationPlatforms) = postSolution
		{7B70D119-27CD-4DAC-9B7A-9CE9CA13BCB6}.Debug|Any CPU.ActiveCfg = Debug|Any CPU
		{7B70D119-27CD-4DAC-9B7A-9CE9CA13BCB6}.Debug|Any CPU.Build.0 = Debug|Any CPU
		{7B70D119-27CD-4DAC-9B7A-9CE9CA13BCB6}.Release|Any CPU.ActiveCfg = Release|Any CPU
		{7B70D119-27CD-4DAC-9B7A-9CE9CA13BCB6}.Release|Any CPU.Build.0 = Release|Any CPU
		{08F5C4F5-C13C-4007-B8C0-F03F53B27D9C}.Debug|Any CPU.ActiveCfg = Debug|Any CPU
		{08F5C4F5-C13C-4007-B8C0-F03F53B27D9C}.Debug|Any CPU.Build.0 = Debug|Any CPU
		{08F5C4F5-C13C-4007-B8C0-F03F53B27D9C}.Release|Any CPU.ActiveCfg = Release|Any CPU
		{08F5C4F5-C13C-4007-B8C0-F03F53B27D9C}.Release|Any CPU.Build.0 = Release|Any CPU
		{6501F7FA-72B5-47EB-9D36-B8044EB7DFF4}.Debug|Any CPU.ActiveCfg = Debug|Any CPU
		{6501F7FA-72B5-47EB-9D36-B8044EB7DFF4}.Debug|Any CPU.Build.0 = Debug|Any CPU
		{6501F7FA-72B5-47EB-9D36-B8044EB7DFF4}.Release|Any CPU.ActiveCfg = Release|Any CPU
		{6501F7FA-72B5-47EB-9D36-B8044EB7DFF4}.Release|Any CPU.Build.0 = Release|Any CPU
		{B0664285-F791-4115-B6F1-296190E0B67F}.Debug|Any CPU.ActiveCfg = Debug|Any CPU
		{B0664285-F791-4115-B6F1-296190E0B67F}.Debug|Any CPU.Build.0 = Debug|Any CPU
		{B0664285-F791-4115-B6F1-296190E0B67F}.Release|Any CPU.ActiveCfg = Release|Any CPU
		{B0664285-F791-4115-B6F1-296190E0B67F}.Release|Any CPU.Build.0 = Release|Any CPU
		{3F2781BE-AB04-49B2-953E-41D87765C9F1}.Debug|Any CPU.ActiveCfg = Debug|Any CPU
		{3F2781BE-AB04-49B2-953E-41D87765C9F1}.Debug|Any CPU.Build.0 = Debug|Any CPU
		{3F2781BE-AB04-49B2-953E-41D87765C9F1}.Release|Any CPU.ActiveCfg = Release|Any CPU
		{3F2781BE-AB04-49B2-953E-41D87765C9F1}.Release|Any CPU.Build.0 = Release|Any CPU
		{EAAD4822-E2F5-40C5-884A-DE0171F7248C}.Debug|Any CPU.ActiveCfg = Debug|Any CPU
		{EAAD4822-E2F5-40C5-884A-DE0171F7248C}.Debug|Any CPU.Build.0 = Debug|Any CPU
		{EAAD4822-E2F5-40C5-884A-DE0171F7248C}.Release|Any CPU.ActiveCfg = Release|Any CPU
		{EAAD4822-E2F5-40C5-884A-DE0171F7248C}.Release|Any CPU.Build.0 = Release|Any CPU
		{A71E07A6-F620-46E1-8C30-D6AE9552136A}.Debug|Any CPU.ActiveCfg = Debug|Any CPU
		{A71E07A6-F620-46E1-8C30-D6AE9552136A}.Debug|Any CPU.Build.0 = Debug|Any CPU
		{A71E07A6-F620-46E1-8C30-D6AE9552136A}.Release|Any CPU.ActiveCfg = Release|Any CPU
		{A71E07A6-F620-46E1-8C30-D6AE9552136A}.Release|Any CPU.Build.0 = Release|Any CPU
	EndGlobalSection
	GlobalSection(SolutionProperties) = preSolution
		HideSolutionNode = FALSE
	EndGlobalSection
	GlobalSection(ExtensibilityGlobals) = postSolution
		SolutionGuid = {41A19696-E456-4CA6-9FC6-7C4E1CD5BF89}
	EndGlobalSection
EndGlobal
